
Microsoft Visual Studio Solution File, Format Version 12.00
# Visual Studio Version 17
VisualStudioVersion = 17.6.33723.286
MinimumVisualStudioVersion = 10.0.40219.1
Project("{FAE04EC0-301F-11D3-BF4B-00C04F79EFBC}") = "Tetris", "Tetris\Tetris.csproj", "{2793F9CF-EE2E-4291-A55A-9881F5EC4FD8}"
EndProject
Global
	GlobalSection(SolutionConfigurationPlatforms) = preSolution
		Debug|Any CPU = Debug|Any CPU
		Release|Any CPU = Release|Any CPU
	EndGlobalSection
	GlobalSection(ProjectConfigurationPlatforms) = postSolution
		{2793F9CF-EE2E-4291-A55A-9881F5EC4FD8}.Debug|Any CPU.ActiveCfg = Debug|Any CPU
		{2793F9CF-EE2E-4291-A55A-9881F5EC4FD8}.Debug|Any CPU.Build.0 = Debug|Any CPU
		{2793F9CF-EE2E-4291-A55A-9881F5EC4FD8}.Release|Any CPU.ActiveCfg = Release|Any CPU
		{2793F9CF-EE2E-4291-A55A-9881F5EC4FD8}.Release|Any CPU.Build.0 = Release|Any CPU
	EndGlobalSection
	GlobalSection(SolutionProperties) = preSolution
		HideSolutionNode = FALSE
	EndGlobalSection
	GlobalSection(ExtensibilityGlobals) = postSolution
		SolutionGuid = {829F1BAE-475B-4445-94CD-7929D07E3DB5}
	EndGlobalSection
EndGlobal
